// !$*UTF8*$!
{
	archiveVersion = 1;
	classes = {
	};
	objectVersion = 50;
	objects = {

/* Begin PBXBuildFile section */
		5F10122421FB8580004F9A90 /* .gitignore in Resources */ = {isa = PBXBuildFile; fileRef = 5F10122321FB8580004F9A90 /* .gitignore */; };
		5F10122721FB8BDD004F9A90 /* AppDelegate+Navigation.swift in Sources */ = {isa = PBXBuildFile; fileRef = 5F10122621FB8BDD004F9A90 /* AppDelegate+Navigation.swift */; };
		5F10122B21FB8CCD004F9A90 /* ApplicationConstants.swift in Sources */ = {isa = PBXBuildFile; fileRef = 5F10122A21FB8CCD004F9A90 /* ApplicationConstants.swift */; };
		5F10123321FB8DDE004F9A90 /* MCEmployeesListViewController.swift in Sources */ = {isa = PBXBuildFile; fileRef = 5F10123221FB8DDE004F9A90 /* MCEmployeesListViewController.swift */; };
		5F10123521FB8E0A004F9A90 /* MCEmployeesListView.xib in Resources */ = {isa = PBXBuildFile; fileRef = 5F10123421FB8E0A004F9A90 /* MCEmployeesListView.xib */; };
		5F10123721FB8F97004F9A90 /* MCEmployeesListView.swift in Sources */ = {isa = PBXBuildFile; fileRef = 5F10123621FB8F97004F9A90 /* MCEmployeesListView.swift */; };
		5F10123F21FC4063004F9A90 /* MCEmployeesListTableViewDelegateDatasource.swift in Sources */ = {isa = PBXBuildFile; fileRef = 5F10123A21FC4062004F9A90 /* MCEmployeesListTableViewDelegateDatasource.swift */; };
		5F10124821FC4E09004F9A90 /* MCEmployeeGroupTableViewCell.xib in Resources */ = {isa = PBXBuildFile; fileRef = 5F10124321FC4E09004F9A90 /* MCEmployeeGroupTableViewCell.xib */; };
		5F10124921FC4E09004F9A90 /* MCEmployeeGroupTableViewCell.swift in Sources */ = {isa = PBXBuildFile; fileRef = 5F10124421FC4E09004F9A90 /* MCEmployeeGroupTableViewCell.swift */; };
		5F10124A21FC4E09004F9A90 /* MCEmployeeRowTableViewCell.xib in Resources */ = {isa = PBXBuildFile; fileRef = 5F10124621FC4E09004F9A90 /* MCEmployeeRowTableViewCell.xib */; };
		5F10124B21FC4E09004F9A90 /* MCEmployeeRowTableViewCell.swift in Sources */ = {isa = PBXBuildFile; fileRef = 5F10124721FC4E09004F9A90 /* MCEmployeeRowTableViewCell.swift */; };
		5F10124E21FC5566004F9A90 /* MCEmployeesListHandler.swift in Sources */ = {isa = PBXBuildFile; fileRef = 5F10124D21FC5566004F9A90 /* MCEmployeesListHandler.swift */; };
		5F5B4BB52200E81E00F957F3 /* ServiceEndPoint.swift in Sources */ = {isa = PBXBuildFile; fileRef = 5F5B4BB42200E81E00F957F3 /* ServiceEndPoint.swift */; };
		5F5B4BB72200E89800F957F3 /* HTTPMethod.swift in Sources */ = {isa = PBXBuildFile; fileRef = 5F5B4BB62200E89800F957F3 /* HTTPMethod.swift */; };
		5F5B4BB92200E8CA00F957F3 /* HTTPTask.swift in Sources */ = {isa = PBXBuildFile; fileRef = 5F5B4BB82200E8CA00F957F3 /* HTTPTask.swift */; };
		5F5B4BBC2200E9EA00F957F3 /* ParameterEncoding.swift in Sources */ = {isa = PBXBuildFile; fileRef = 5F5B4BBB2200E9EA00F957F3 /* ParameterEncoding.swift */; };
		5F5B4BBE2200EA8E00F957F3 /* URLParameterEncoding.swift in Sources */ = {isa = PBXBuildFile; fileRef = 5F5B4BBD2200EA8E00F957F3 /* URLParameterEncoding.swift */; };
		5F5B4BC02200EAC400F957F3 /* JSONParameterEncoder.swift in Sources */ = {isa = PBXBuildFile; fileRef = 5F5B4BBF2200EAC400F957F3 /* JSONParameterEncoder.swift */; };
		5F5B4BC42200EBD300F957F3 /* NetworkLogger.swift in Sources */ = {isa = PBXBuildFile; fileRef = 5F5B4BC32200EBD300F957F3 /* NetworkLogger.swift */; };
		5F5B4BC62200EC4F00F957F3 /* Router.swift in Sources */ = {isa = PBXBuildFile; fileRef = 5F5B4BC52200EC4F00F957F3 /* Router.swift */; };
		5FD9D75221FB828800E3B243 /* MCJobAppTests.swift in Sources */ = {isa = PBXBuildFile; fileRef = 5FD9D75121FB828800E3B243 /* MCJobAppTests.swift */; };
		5FD9D75D21FB828800E3B243 /* MCJobAppUITests.swift in Sources */ = {isa = PBXBuildFile; fileRef = 5FD9D75C21FB828800E3B243 /* MCJobAppUITests.swift */; };
		5FD9D77E21FB83D000E3B243 /* LaunchScreen.storyboard in Resources */ = {isa = PBXBuildFile; fileRef = 5FD9D76C21FB83D000E3B243 /* LaunchScreen.storyboard */; };
		5FD9D77F21FB83D000E3B243 /* Main.storyboard in Resources */ = {isa = PBXBuildFile; fileRef = 5FD9D76E21FB83D000E3B243 /* Main.storyboard */; };
		5FD9D78021FB83D000E3B243 /* Assets.xcassets in Resources */ = {isa = PBXBuildFile; fileRef = 5FD9D77121FB83D000E3B243 /* Assets.xcassets */; };
		5FD9D78221FB83D000E3B243 /* AppDelegate.swift in Sources */ = {isa = PBXBuildFile; fileRef = 5FD9D77B21FB83D000E3B243 /* AppDelegate.swift */; };
		5FDB4BD422023C9400D4294F /* NetworkConstants.swift in Sources */ = {isa = PBXBuildFile; fileRef = 5FDB4BD322023C9400D4294F /* NetworkConstants.swift */; };
		5FDB4BEB2202433200D4294F /* NetworkOperationQueue.swift in Sources */ = {isa = PBXBuildFile; fileRef = 5FDB4BE62202433200D4294F /* NetworkOperationQueue.swift */; };
		5FDB4BEC2202433200D4294F /* NetworkOperationBase.swift in Sources */ = {isa = PBXBuildFile; fileRef = 5FDB4BE92202433200D4294F /* NetworkOperationBase.swift */; };
		5FDB4BF32202441600D4294F /* TartuNetworkManager.swift in Sources */ = {isa = PBXBuildFile; fileRef = 5FDB4BF02202441600D4294F /* TartuNetworkManager.swift */; };
		5FDB4BF42202441600D4294F /* TallinnNetworkManager.swift in Sources */ = {isa = PBXBuildFile; fileRef = 5FDB4BF22202441600D4294F /* TallinnNetworkManager.swift */; };
		5FDB4BF72202447C00D4294F /* MCFetchTallinnEmployeesOperation.swift in Sources */ = {isa = PBXBuildFile; fileRef = 5FDB4BF62202447C00D4294F /* MCFetchTallinnEmployeesOperation.swift */; };
		5FDB4BFD2202483A00D4294F /* NetworkResponseHandler.swift in Sources */ = {isa = PBXBuildFile; fileRef = 5FDB4BFC2202483A00D4294F /* NetworkResponseHandler.swift */; };
		5FDB4C00220263DE00D4294F /* MCFetchTartuEmployeesOperation.swift in Sources */ = {isa = PBXBuildFile; fileRef = 5FDB4BFF220263DE00D4294F /* MCFetchTartuEmployeesOperation.swift */; };
		5FF2A1AA2201DCB60098F42B /* MCEmployeesListRootObject.swift in Sources */ = {isa = PBXBuildFile; fileRef = 5FF2A1A42201DCB60098F42B /* MCEmployeesListRootObject.swift */; };
		5FF2A1AB2201DCB60098F42B /* MCEmployeeContactObject.swift in Sources */ = {isa = PBXBuildFile; fileRef = 5FF2A1A72201DCB60098F42B /* MCEmployeeContactObject.swift */; };
		5FF2A1AC2201DCB60098F42B /* MCEmployeeRootObject.swift in Sources */ = {isa = PBXBuildFile; fileRef = 5FF2A1A92201DCB60098F42B /* MCEmployeeRootObject.swift */; };
/* End PBXBuildFile section */

/* Begin PBXContainerItemProxy section */
		5FD9D74E21FB828800E3B243 /* PBXContainerItemProxy */ = {
			isa = PBXContainerItemProxy;
			containerPortal = 5FD9D73121FB828700E3B243 /* Project object */;
			proxyType = 1;
			remoteGlobalIDString = 5FD9D73821FB828700E3B243;
			remoteInfo = MCJobApp;
		};
		5FD9D75921FB828800E3B243 /* PBXContainerItemProxy */ = {
			isa = PBXContainerItemProxy;
			containerPortal = 5FD9D73121FB828700E3B243 /* Project object */;
			proxyType = 1;
			remoteGlobalIDString = 5FD9D73821FB828700E3B243;
			remoteInfo = MCJobApp;
		};
/* End PBXContainerItemProxy section */

/* Begin PBXFileReference section */
		5F10122321FB8580004F9A90 /* .gitignore */ = {isa = PBXFileReference; lastKnownFileType = text; path = .gitignore; sourceTree = "<group>"; };
		5F10122621FB8BDD004F9A90 /* AppDelegate+Navigation.swift */ = {isa = PBXFileReference; fileEncoding = 4; lastKnownFileType = sourcecode.swift; path = "AppDelegate+Navigation.swift"; sourceTree = "<group>"; };
		5F10122A21FB8CCD004F9A90 /* ApplicationConstants.swift */ = {isa = PBXFileReference; fileEncoding = 4; lastKnownFileType = sourcecode.swift; path = ApplicationConstants.swift; sourceTree = "<group>"; };
		5F10123221FB8DDE004F9A90 /* MCEmployeesListViewController.swift */ = {isa = PBXFileReference; fileEncoding = 4; lastKnownFileType = sourcecode.swift; path = MCEmployeesListViewController.swift; sourceTree = "<group>"; };
		5F10123421FB8E0A004F9A90 /* MCEmployeesListView.xib */ = {isa = PBXFileReference; lastKnownFileType = file.xib; path = MCEmployeesListView.xib; sourceTree = "<group>"; };
		5F10123621FB8F97004F9A90 /* MCEmployeesListView.swift */ = {isa = PBXFileReference; fileEncoding = 4; lastKnownFileType = sourcecode.swift; path = MCEmployeesListView.swift; sourceTree = "<group>"; };
		5F10123A21FC4062004F9A90 /* MCEmployeesListTableViewDelegateDatasource.swift */ = {isa = PBXFileReference; fileEncoding = 4; lastKnownFileType = sourcecode.swift; path = MCEmployeesListTableViewDelegateDatasource.swift; sourceTree = "<group>"; };
		5F10124321FC4E09004F9A90 /* MCEmployeeGroupTableViewCell.xib */ = {isa = PBXFileReference; fileEncoding = 4; lastKnownFileType = file.xib; path = MCEmployeeGroupTableViewCell.xib; sourceTree = "<group>"; };
		5F10124421FC4E09004F9A90 /* MCEmployeeGroupTableViewCell.swift */ = {isa = PBXFileReference; fileEncoding = 4; lastKnownFileType = sourcecode.swift; path = MCEmployeeGroupTableViewCell.swift; sourceTree = "<group>"; };
		5F10124621FC4E09004F9A90 /* MCEmployeeRowTableViewCell.xib */ = {isa = PBXFileReference; fileEncoding = 4; lastKnownFileType = file.xib; path = MCEmployeeRowTableViewCell.xib; sourceTree = "<group>"; };
		5F10124721FC4E09004F9A90 /* MCEmployeeRowTableViewCell.swift */ = {isa = PBXFileReference; fileEncoding = 4; lastKnownFileType = sourcecode.swift; path = MCEmployeeRowTableViewCell.swift; sourceTree = "<group>"; };
		5F10124D21FC5566004F9A90 /* MCEmployeesListHandler.swift */ = {isa = PBXFileReference; fileEncoding = 4; lastKnownFileType = sourcecode.swift; path = MCEmployeesListHandler.swift; sourceTree = "<group>"; };
		5F5B4BB42200E81E00F957F3 /* ServiceEndPoint.swift */ = {isa = PBXFileReference; lastKnownFileType = sourcecode.swift; path = ServiceEndPoint.swift; sourceTree = "<group>"; };
		5F5B4BB62200E89800F957F3 /* HTTPMethod.swift */ = {isa = PBXFileReference; lastKnownFileType = sourcecode.swift; path = HTTPMethod.swift; sourceTree = "<group>"; };
		5F5B4BB82200E8CA00F957F3 /* HTTPTask.swift */ = {isa = PBXFileReference; lastKnownFileType = sourcecode.swift; path = HTTPTask.swift; sourceTree = "<group>"; };
		5F5B4BBB2200E9EA00F957F3 /* ParameterEncoding.swift */ = {isa = PBXFileReference; lastKnownFileType = sourcecode.swift; path = ParameterEncoding.swift; sourceTree = "<group>"; };
		5F5B4BBD2200EA8E00F957F3 /* URLParameterEncoding.swift */ = {isa = PBXFileReference; lastKnownFileType = sourcecode.swift; path = URLParameterEncoding.swift; sourceTree = "<group>"; };
		5F5B4BBF2200EAC400F957F3 /* JSONParameterEncoder.swift */ = {isa = PBXFileReference; lastKnownFileType = sourcecode.swift; path = JSONParameterEncoder.swift; sourceTree = "<group>"; };
		5F5B4BC32200EBD300F957F3 /* NetworkLogger.swift */ = {isa = PBXFileReference; lastKnownFileType = sourcecode.swift; path = NetworkLogger.swift; sourceTree = "<group>"; };
		5F5B4BC52200EC4F00F957F3 /* Router.swift */ = {isa = PBXFileReference; lastKnownFileType = sourcecode.swift; path = Router.swift; sourceTree = "<group>"; };
		5FD9D73921FB828700E3B243 /* MCJobApp.app */ = {isa = PBXFileReference; explicitFileType = wrapper.application; includeInIndex = 0; path = MCJobApp.app; sourceTree = BUILT_PRODUCTS_DIR; };
		5FD9D74D21FB828800E3B243 /* MCJobAppTests.xctest */ = {isa = PBXFileReference; explicitFileType = wrapper.cfbundle; includeInIndex = 0; path = MCJobAppTests.xctest; sourceTree = BUILT_PRODUCTS_DIR; };
		5FD9D75121FB828800E3B243 /* MCJobAppTests.swift */ = {isa = PBXFileReference; lastKnownFileType = sourcecode.swift; path = MCJobAppTests.swift; sourceTree = "<group>"; };
		5FD9D75321FB828800E3B243 /* Info.plist */ = {isa = PBXFileReference; lastKnownFileType = text.plist.xml; path = Info.plist; sourceTree = "<group>"; };
		5FD9D75821FB828800E3B243 /* MCJobAppUITests.xctest */ = {isa = PBXFileReference; explicitFileType = wrapper.cfbundle; includeInIndex = 0; path = MCJobAppUITests.xctest; sourceTree = BUILT_PRODUCTS_DIR; };
		5FD9D75C21FB828800E3B243 /* MCJobAppUITests.swift */ = {isa = PBXFileReference; lastKnownFileType = sourcecode.swift; path = MCJobAppUITests.swift; sourceTree = "<group>"; };
		5FD9D75E21FB828800E3B243 /* Info.plist */ = {isa = PBXFileReference; lastKnownFileType = text.plist.xml; path = Info.plist; sourceTree = "<group>"; };
		5FD9D76D21FB83D000E3B243 /* Base */ = {isa = PBXFileReference; lastKnownFileType = file.storyboard; name = Base; path = Base.lproj/LaunchScreen.storyboard; sourceTree = "<group>"; };
		5FD9D76F21FB83D000E3B243 /* Base */ = {isa = PBXFileReference; lastKnownFileType = file.storyboard; name = Base; path = Base.lproj/Main.storyboard; sourceTree = "<group>"; };
		5FD9D77121FB83D000E3B243 /* Assets.xcassets */ = {isa = PBXFileReference; lastKnownFileType = folder.assetcatalog; path = Assets.xcassets; sourceTree = "<group>"; };
		5FD9D77B21FB83D000E3B243 /* AppDelegate.swift */ = {isa = PBXFileReference; fileEncoding = 4; lastKnownFileType = sourcecode.swift; path = AppDelegate.swift; sourceTree = "<group>"; };
		5FD9D77D21FB83D000E3B243 /* Info.plist */ = {isa = PBXFileReference; fileEncoding = 4; lastKnownFileType = text.plist.xml; path = Info.plist; sourceTree = "<group>"; };
		5FDB4BD322023C9400D4294F /* NetworkConstants.swift */ = {isa = PBXFileReference; lastKnownFileType = sourcecode.swift; path = NetworkConstants.swift; sourceTree = "<group>"; };
		5FDB4BE62202433200D4294F /* NetworkOperationQueue.swift */ = {isa = PBXFileReference; fileEncoding = 4; lastKnownFileType = sourcecode.swift; path = NetworkOperationQueue.swift; sourceTree = "<group>"; };
		5FDB4BE92202433200D4294F /* NetworkOperationBase.swift */ = {isa = PBXFileReference; fileEncoding = 4; lastKnownFileType = sourcecode.swift; path = NetworkOperationBase.swift; sourceTree = "<group>"; };
		5FDB4BF02202441600D4294F /* TartuNetworkManager.swift */ = {isa = PBXFileReference; fileEncoding = 4; lastKnownFileType = sourcecode.swift; path = TartuNetworkManager.swift; sourceTree = "<group>"; };
		5FDB4BF22202441600D4294F /* TallinnNetworkManager.swift */ = {isa = PBXFileReference; fileEncoding = 4; lastKnownFileType = sourcecode.swift; path = TallinnNetworkManager.swift; sourceTree = "<group>"; };
		5FDB4BF62202447C00D4294F /* MCFetchTallinnEmployeesOperation.swift */ = {isa = PBXFileReference; lastKnownFileType = sourcecode.swift; path = MCFetchTallinnEmployeesOperation.swift; sourceTree = "<group>"; };
		5FDB4BFC2202483A00D4294F /* NetworkResponseHandler.swift */ = {isa = PBXFileReference; lastKnownFileType = sourcecode.swift; path = NetworkResponseHandler.swift; sourceTree = "<group>"; };
		5FDB4BFF220263DE00D4294F /* MCFetchTartuEmployeesOperation.swift */ = {isa = PBXFileReference; fileEncoding = 4; lastKnownFileType = sourcecode.swift; path = MCFetchTartuEmployeesOperation.swift; sourceTree = "<group>"; };
		5FF2A1A42201DCB60098F42B /* MCEmployeesListRootObject.swift */ = {isa = PBXFileReference; fileEncoding = 4; lastKnownFileType = sourcecode.swift; path = MCEmployeesListRootObject.swift; sourceTree = "<group>"; };
		5FF2A1A72201DCB60098F42B /* MCEmployeeContactObject.swift */ = {isa = PBXFileReference; fileEncoding = 4; lastKnownFileType = sourcecode.swift; path = MCEmployeeContactObject.swift; sourceTree = "<group>"; };
		5FF2A1A92201DCB60098F42B /* MCEmployeeRootObject.swift */ = {isa = PBXFileReference; fileEncoding = 4; lastKnownFileType = sourcecode.swift; path = MCEmployeeRootObject.swift; sourceTree = "<group>"; };
/* End PBXFileReference section */

/* Begin PBXFrameworksBuildPhase section */
		5FD9D73621FB828700E3B243 /* Frameworks */ = {
			isa = PBXFrameworksBuildPhase;
			buildActionMask = 2147483647;
			files = (
			);
			runOnlyForDeploymentPostprocessing = 0;
		};
		5FD9D74A21FB828800E3B243 /* Frameworks */ = {
			isa = PBXFrameworksBuildPhase;
			buildActionMask = 2147483647;
			files = (
			);
			runOnlyForDeploymentPostprocessing = 0;
		};
		5FD9D75521FB828800E3B243 /* Frameworks */ = {
			isa = PBXFrameworksBuildPhase;
			buildActionMask = 2147483647;
			files = (
			);
			runOnlyForDeploymentPostprocessing = 0;
		};
/* End PBXFrameworksBuildPhase section */

/* Begin PBXGroup section */
		5F10122521FB8BDD004F9A90 /* Navigation */ = {
			isa = PBXGroup;
			children = (
				5F10122621FB8BDD004F9A90 /* AppDelegate+Navigation.swift */,
			);
			path = Navigation;
			sourceTree = "<group>";
		};
		5F10122821FB8CCD004F9A90 /* Helpers */ = {
			isa = PBXGroup;
			children = (
				5F10122921FB8CCD004F9A90 /* Constants */,
			);
			path = Helpers;
			sourceTree = "<group>";
		};
		5F10122921FB8CCD004F9A90 /* Constants */ = {
			isa = PBXGroup;
			children = (
				5F10122A21FB8CCD004F9A90 /* ApplicationConstants.swift */,
			);
			path = Constants;
			sourceTree = "<group>";
		};
		5F10122E21FB8DDE004F9A90 /* Employees */ = {
			isa = PBXGroup;
			children = (
				5F10122F21FB8DDE004F9A90 /* EmployeesList */,
			);
			path = Employees;
			sourceTree = "<group>";
		};
		5F10122F21FB8DDE004F9A90 /* EmployeesList */ = {
			isa = PBXGroup;
			children = (
				5F10124C21FC5566004F9A90 /* Handler */,
				5F10123821FC4062004F9A90 /* TableView */,
				5F10123021FB8DDE004F9A90 /* View */,
				5F10123121FB8DDE004F9A90 /* ViewController */,
			);
			path = EmployeesList;
			sourceTree = "<group>";
		};
		5F10123021FB8DDE004F9A90 /* View */ = {
			isa = PBXGroup;
			children = (
				5F10123621FB8F97004F9A90 /* MCEmployeesListView.swift */,
				5F10123421FB8E0A004F9A90 /* MCEmployeesListView.xib */,
			);
			path = View;
			sourceTree = "<group>";
		};
		5F10123121FB8DDE004F9A90 /* ViewController */ = {
			isa = PBXGroup;
			children = (
				5F10123221FB8DDE004F9A90 /* MCEmployeesListViewController.swift */,
			);
			path = ViewController;
			sourceTree = "<group>";
		};
		5F10123821FC4062004F9A90 /* TableView */ = {
			isa = PBXGroup;
			children = (
				5F10123B21FC4062004F9A90 /* CustomCells */,
				5F10123921FC4062004F9A90 /* DelegateDatasource */,
			);
			path = TableView;
			sourceTree = "<group>";
		};
		5F10123921FC4062004F9A90 /* DelegateDatasource */ = {
			isa = PBXGroup;
			children = (
				5F10123A21FC4062004F9A90 /* MCEmployeesListTableViewDelegateDatasource.swift */,
			);
			path = DelegateDatasource;
			sourceTree = "<group>";
		};
		5F10123B21FC4062004F9A90 /* CustomCells */ = {
			isa = PBXGroup;
			children = (
				5F10124221FC4E09004F9A90 /* EmployeeGroupCell */,
				5F10124521FC4E09004F9A90 /* EmployeeRowCell */,
			);
			path = CustomCells;
			sourceTree = "<group>";
		};
		5F10124221FC4E09004F9A90 /* EmployeeGroupCell */ = {
			isa = PBXGroup;
			children = (
				5F10124421FC4E09004F9A90 /* MCEmployeeGroupTableViewCell.swift */,
				5F10124321FC4E09004F9A90 /* MCEmployeeGroupTableViewCell.xib */,
			);
			path = EmployeeGroupCell;
			sourceTree = "<group>";
		};
		5F10124521FC4E09004F9A90 /* EmployeeRowCell */ = {
			isa = PBXGroup;
			children = (
				5F10124721FC4E09004F9A90 /* MCEmployeeRowTableViewCell.swift */,
				5F10124621FC4E09004F9A90 /* MCEmployeeRowTableViewCell.xib */,
			);
			path = EmployeeRowCell;
			sourceTree = "<group>";
		};
		5F10124C21FC5566004F9A90 /* Handler */ = {
			isa = PBXGroup;
			children = (
				5F10124D21FC5566004F9A90 /* MCEmployeesListHandler.swift */,
			);
			path = Handler;
			sourceTree = "<group>";
		};
		5F5B4BB22200E69200F957F3 /* Network */ = {
			isa = PBXGroup;
			children = (
				5FDB4BFB2202481300D4294F /* Response */,
				5FDB4BEE2202441600D4294F /* Managers */,
				5FDB4BE32202433200D4294F /* Operations */,
				5FDB4BD222023C8200D4294F /* Constants */,
				5F5B4BBA2200E9CC00F957F3 /* Encoding */,
				5F5B4BB32200E7B400F957F3 /* Servicing */,
			);
			path = Network;
			sourceTree = "<group>";
		};
		5F5B4BB32200E7B400F957F3 /* Servicing */ = {
			isa = PBXGroup;
			children = (
				5F5B4BB42200E81E00F957F3 /* ServiceEndPoint.swift */,
				5F5B4BB62200E89800F957F3 /* HTTPMethod.swift */,
				5F5B4BB82200E8CA00F957F3 /* HTTPTask.swift */,
				5F5B4BC32200EBD300F957F3 /* NetworkLogger.swift */,
				5F5B4BC52200EC4F00F957F3 /* Router.swift */,
			);
			path = Servicing;
			sourceTree = "<group>";
		};
		5F5B4BBA2200E9CC00F957F3 /* Encoding */ = {
			isa = PBXGroup;
			children = (
				5F5B4BBB2200E9EA00F957F3 /* ParameterEncoding.swift */,
				5F5B4BBD2200EA8E00F957F3 /* URLParameterEncoding.swift */,
				5F5B4BBF2200EAC400F957F3 /* JSONParameterEncoder.swift */,
			);
			path = Encoding;
			sourceTree = "<group>";
		};
		5FD9D73021FB828700E3B243 = {
			isa = PBXGroup;
			children = (
				5FD9D73B21FB828700E3B243 /* MCJobApp */,
				5FD9D75021FB828800E3B243 /* MCJobAppTests */,
				5FD9D75B21FB828800E3B243 /* MCJobAppUITests */,
				5FD9D73A21FB828700E3B243 /* Products */,
				5F10122321FB8580004F9A90 /* .gitignore */,
			);
			sourceTree = "<group>";
		};
		5FD9D73A21FB828700E3B243 /* Products */ = {
			isa = PBXGroup;
			children = (
				5FD9D73921FB828700E3B243 /* MCJobApp.app */,
				5FD9D74D21FB828800E3B243 /* MCJobAppTests.xctest */,
				5FD9D75821FB828800E3B243 /* MCJobAppUITests.xctest */,
			);
			name = Products;
			sourceTree = "<group>";
		};
		5FD9D73B21FB828700E3B243 /* MCJobApp */ = {
			isa = PBXGroup;
			children = (
				5FD9D77221FB83D000E3B243 /* Classes */,
				5FD9D77C21FB83D000E3B243 /* ProjectSettings */,
				5FD9D76A21FB83D000E3B243 /* Resources */,
			);
			path = MCJobApp;
			sourceTree = "<group>";
		};
		5FD9D75021FB828800E3B243 /* MCJobAppTests */ = {
			isa = PBXGroup;
			children = (
				5FD9D75121FB828800E3B243 /* MCJobAppTests.swift */,
				5FD9D75321FB828800E3B243 /* Info.plist */,
			);
			path = MCJobAppTests;
			sourceTree = "<group>";
		};
		5FD9D75B21FB828800E3B243 /* MCJobAppUITests */ = {
			isa = PBXGroup;
			children = (
				5FD9D75C21FB828800E3B243 /* MCJobAppUITests.swift */,
				5FD9D75E21FB828800E3B243 /* Info.plist */,
			);
			path = MCJobAppUITests;
			sourceTree = "<group>";
		};
		5FD9D76A21FB83D000E3B243 /* Resources */ = {
			isa = PBXGroup;
			children = (
				5FD9D76B21FB83D000E3B243 /* Storyboards */,
				5FD9D77021FB83D000E3B243 /* AssetsCatalogue */,
			);
			path = Resources;
			sourceTree = "<group>";
		};
		5FD9D76B21FB83D000E3B243 /* Storyboards */ = {
			isa = PBXGroup;
			children = (
				5FD9D76C21FB83D000E3B243 /* LaunchScreen.storyboard */,
				5FD9D76E21FB83D000E3B243 /* Main.storyboard */,
			);
			path = Storyboards;
			sourceTree = "<group>";
		};
		5FD9D77021FB83D000E3B243 /* AssetsCatalogue */ = {
			isa = PBXGroup;
			children = (
				5FD9D77121FB83D000E3B243 /* Assets.xcassets */,
			);
			path = AssetsCatalogue;
			sourceTree = "<group>";
		};
		5FD9D77221FB83D000E3B243 /* Classes */ = {
			isa = PBXGroup;
			children = (
				5FF2A1A12201DCB60098F42B /* Models */,
				5F5B4BB22200E69200F957F3 /* Network */,
				5FD9D77921FB83D000E3B243 /* AppDelegate */,
				5FD9D77321FB83D000E3B243 /* ViewControllers */,
				5F10122821FB8CCD004F9A90 /* Helpers */,
			);
			path = Classes;
			sourceTree = "<group>";
		};
		5FD9D77321FB83D000E3B243 /* ViewControllers */ = {
			isa = PBXGroup;
			children = (
				5F10122E21FB8DDE004F9A90 /* Employees */,
			);
			path = ViewControllers;
			sourceTree = "<group>";
		};
		5FD9D77921FB83D000E3B243 /* AppDelegate */ = {
			isa = PBXGroup;
			children = (
				5F10122521FB8BDD004F9A90 /* Navigation */,
				5FD9D77A21FB83D000E3B243 /* Root */,
			);
			path = AppDelegate;
			sourceTree = "<group>";
		};
		5FD9D77A21FB83D000E3B243 /* Root */ = {
			isa = PBXGroup;
			children = (
				5FD9D77B21FB83D000E3B243 /* AppDelegate.swift */,
			);
			path = Root;
			sourceTree = "<group>";
		};
		5FD9D77C21FB83D000E3B243 /* ProjectSettings */ = {
			isa = PBXGroup;
			children = (
				5FD9D77D21FB83D000E3B243 /* Info.plist */,
			);
			path = ProjectSettings;
			sourceTree = "<group>";
		};
		5FDB4BD222023C8200D4294F /* Constants */ = {
			isa = PBXGroup;
			children = (
				5FDB4BD322023C9400D4294F /* NetworkConstants.swift */,
			);
			path = Constants;
			sourceTree = "<group>";
		};
		5FDB4BE32202433200D4294F /* Operations */ = {
			isa = PBXGroup;
			children = (
				5FDB4BE42202433200D4294F /* Tartu */,
				5FDB4BE72202433200D4294F /* Tallinn */,
				5FDB4BE52202433200D4294F /* Queue */,
				5FDB4BE82202433200D4294F /* Base */,
			);
			path = Operations;
			sourceTree = "<group>";
		};
		5FDB4BE42202433200D4294F /* Tartu */ = {
			isa = PBXGroup;
			children = (
				5FDB4BFE220263DE00D4294F /* Employees */,
			);
			path = Tartu;
			sourceTree = "<group>";
		};
		5FDB4BE52202433200D4294F /* Queue */ = {
			isa = PBXGroup;
			children = (
				5FDB4BE62202433200D4294F /* NetworkOperationQueue.swift */,
			);
			path = Queue;
			sourceTree = "<group>";
		};
		5FDB4BE72202433200D4294F /* Tallinn */ = {
			isa = PBXGroup;
			children = (
				5FDB4BF52202446200D4294F /* Employees */,
			);
			path = Tallinn;
			sourceTree = "<group>";
		};
		5FDB4BE82202433200D4294F /* Base */ = {
			isa = PBXGroup;
			children = (
				5FDB4BE92202433200D4294F /* NetworkOperationBase.swift */,
			);
			path = Base;
			sourceTree = "<group>";
		};
		5FDB4BEE2202441600D4294F /* Managers */ = {
			isa = PBXGroup;
			children = (
				5FDB4BEF2202441600D4294F /* Tartu */,
				5FDB4BF12202441600D4294F /* Tallinn */,
			);
			path = Managers;
			sourceTree = "<group>";
		};
		5FDB4BEF2202441600D4294F /* Tartu */ = {
			isa = PBXGroup;
			children = (
				5FDB4BF02202441600D4294F /* TartuNetworkManager.swift */,
			);
			path = Tartu;
			sourceTree = "<group>";
		};
		5FDB4BF12202441600D4294F /* Tallinn */ = {
			isa = PBXGroup;
			children = (
				5FDB4BF22202441600D4294F /* TallinnNetworkManager.swift */,
			);
			path = Tallinn;
			sourceTree = "<group>";
		};
		5FDB4BF52202446200D4294F /* Employees */ = {
			isa = PBXGroup;
			children = (
				5FDB4BF62202447C00D4294F /* MCFetchTallinnEmployeesOperation.swift */,
			);
			path = Employees;
			sourceTree = "<group>";
		};
		5FDB4BFB2202481300D4294F /* Response */ = {
			isa = PBXGroup;
			children = (
				5FDB4BFC2202483A00D4294F /* NetworkResponseHandler.swift */,
			);
			path = Response;
			sourceTree = "<group>";
		};
		5FDB4BFE220263DE00D4294F /* Employees */ = {
			isa = PBXGroup;
			children = (
				5FDB4BFF220263DE00D4294F /* MCFetchTartuEmployeesOperation.swift */,
			);
			path = Employees;
			sourceTree = "<group>";
		};
		5FF2A1A12201DCB60098F42B /* Models */ = {
			isa = PBXGroup;
			children = (
				5FF2A1A22201DCB60098F42B /* Employees */,
			);
			path = Models;
			sourceTree = "<group>";
		};
		5FF2A1A22201DCB60098F42B /* Employees */ = {
			isa = PBXGroup;
			children = (
				5FF2A1A52201DCB60098F42B /* Employee */,
				5FF2A1A32201DCB60098F42B /* Root */,
			);
			path = Employees;
			sourceTree = "<group>";
		};
		5FF2A1A32201DCB60098F42B /* Root */ = {
			isa = PBXGroup;
			children = (
				5FF2A1A42201DCB60098F42B /* MCEmployeesListRootObject.swift */,
			);
			path = Root;
			sourceTree = "<group>";
		};
		5FF2A1A52201DCB60098F42B /* Employee */ = {
			isa = PBXGroup;
			children = (
				5FF2A1A62201DCB60098F42B /* Contact */,
				5FF2A1A82201DCB60098F42B /* Root */,
			);
			path = Employee;
			sourceTree = "<group>";
		};
		5FF2A1A62201DCB60098F42B /* Contact */ = {
			isa = PBXGroup;
			children = (
				5FF2A1A72201DCB60098F42B /* MCEmployeeContactObject.swift */,
			);
			path = Contact;
			sourceTree = "<group>";
		};
		5FF2A1A82201DCB60098F42B /* Root */ = {
			isa = PBXGroup;
			children = (
				5FF2A1A92201DCB60098F42B /* MCEmployeeRootObject.swift */,
			);
			path = Root;
			sourceTree = "<group>";
		};
/* End PBXGroup section */

/* Begin PBXNativeTarget section */
		5FD9D73821FB828700E3B243 /* MCJobApp */ = {
			isa = PBXNativeTarget;
			buildConfigurationList = 5FD9D76121FB828800E3B243 /* Build configuration list for PBXNativeTarget "MCJobApp" */;
			buildPhases = (
				5FD9D73521FB828700E3B243 /* Sources */,
				5FD9D73621FB828700E3B243 /* Frameworks */,
				5FD9D73721FB828700E3B243 /* Resources */,
			);
			buildRules = (
			);
			dependencies = (
			);
			name = MCJobApp;
			productName = MCJobApp;
			productReference = 5FD9D73921FB828700E3B243 /* MCJobApp.app */;
			productType = "com.apple.product-type.application";
		};
		5FD9D74C21FB828800E3B243 /* MCJobAppTests */ = {
			isa = PBXNativeTarget;
			buildConfigurationList = 5FD9D76421FB828800E3B243 /* Build configuration list for PBXNativeTarget "MCJobAppTests" */;
			buildPhases = (
				5FD9D74921FB828800E3B243 /* Sources */,
				5FD9D74A21FB828800E3B243 /* Frameworks */,
				5FD9D74B21FB828800E3B243 /* Resources */,
			);
			buildRules = (
			);
			dependencies = (
				5FD9D74F21FB828800E3B243 /* PBXTargetDependency */,
			);
			name = MCJobAppTests;
			productName = MCJobAppTests;
			productReference = 5FD9D74D21FB828800E3B243 /* MCJobAppTests.xctest */;
			productType = "com.apple.product-type.bundle.unit-test";
		};
		5FD9D75721FB828800E3B243 /* MCJobAppUITests */ = {
			isa = PBXNativeTarget;
			buildConfigurationList = 5FD9D76721FB828800E3B243 /* Build configuration list for PBXNativeTarget "MCJobAppUITests" */;
			buildPhases = (
				5FD9D75421FB828800E3B243 /* Sources */,
				5FD9D75521FB828800E3B243 /* Frameworks */,
				5FD9D75621FB828800E3B243 /* Resources */,
			);
			buildRules = (
			);
			dependencies = (
				5FD9D75A21FB828800E3B243 /* PBXTargetDependency */,
			);
			name = MCJobAppUITests;
			productName = MCJobAppUITests;
			productReference = 5FD9D75821FB828800E3B243 /* MCJobAppUITests.xctest */;
			productType = "com.apple.product-type.bundle.ui-testing";
		};
/* End PBXNativeTarget section */

/* Begin PBXProject section */
		5FD9D73121FB828700E3B243 /* Project object */ = {
			isa = PBXProject;
			attributes = {
				LastSwiftUpdateCheck = 1010;
				LastUpgradeCheck = 1010;
				ORGANIZATIONNAME = Mooncascade;
				TargetAttributes = {
					5FD9D73821FB828700E3B243 = {
						CreatedOnToolsVersion = 10.1;
					};
					5FD9D74C21FB828800E3B243 = {
						CreatedOnToolsVersion = 10.1;
						TestTargetID = 5FD9D73821FB828700E3B243;
					};
					5FD9D75721FB828800E3B243 = {
						CreatedOnToolsVersion = 10.1;
						TestTargetID = 5FD9D73821FB828700E3B243;
					};
				};
			};
			buildConfigurationList = 5FD9D73421FB828700E3B243 /* Build configuration list for PBXProject "MCJobApp" */;
			compatibilityVersion = "Xcode 9.3";
			developmentRegion = en;
			hasScannedForEncodings = 0;
			knownRegions = (
				en,
				Base,
			);
			mainGroup = 5FD9D73021FB828700E3B243;
			productRefGroup = 5FD9D73A21FB828700E3B243 /* Products */;
			projectDirPath = "";
			projectRoot = "";
			targets = (
				5FD9D73821FB828700E3B243 /* MCJobApp */,
				5FD9D74C21FB828800E3B243 /* MCJobAppTests */,
				5FD9D75721FB828800E3B243 /* MCJobAppUITests */,
			);
		};
/* End PBXProject section */

/* Begin PBXResourcesBuildPhase section */
		5FD9D73721FB828700E3B243 /* Resources */ = {
			isa = PBXResourcesBuildPhase;
			buildActionMask = 2147483647;
			files = (
				5F10122421FB8580004F9A90 /* .gitignore in Resources */,
				5FD9D77E21FB83D000E3B243 /* LaunchScreen.storyboard in Resources */,
				5F10124821FC4E09004F9A90 /* MCEmployeeGroupTableViewCell.xib in Resources */,
				5F10124A21FC4E09004F9A90 /* MCEmployeeRowTableViewCell.xib in Resources */,
				5F10123521FB8E0A004F9A90 /* MCEmployeesListView.xib in Resources */,
				5FD9D78021FB83D000E3B243 /* Assets.xcassets in Resources */,
				5FD9D77F21FB83D000E3B243 /* Main.storyboard in Resources */,
			);
			runOnlyForDeploymentPostprocessing = 0;
		};
		5FD9D74B21FB828800E3B243 /* Resources */ = {
			isa = PBXResourcesBuildPhase;
			buildActionMask = 2147483647;
			files = (
			);
			runOnlyForDeploymentPostprocessing = 0;
		};
		5FD9D75621FB828800E3B243 /* Resources */ = {
			isa = PBXResourcesBuildPhase;
			buildActionMask = 2147483647;
			files = (
			);
			runOnlyForDeploymentPostprocessing = 0;
		};
/* End PBXResourcesBuildPhase section */

/* Begin PBXSourcesBuildPhase section */
		5FD9D73521FB828700E3B243 /* Sources */ = {
			isa = PBXSourcesBuildPhase;
			buildActionMask = 2147483647;
			files = (
				5F5B4BB92200E8CA00F957F3 /* HTTPTask.swift in Sources */,
				5FF2A1AA2201DCB60098F42B /* MCEmployeesListRootObject.swift in Sources */,
				5FF2A1AB2201DCB60098F42B /* MCEmployeeContactObject.swift in Sources */,
				5FDB4BEC2202433200D4294F /* NetworkOperationBase.swift in Sources */,
				5F10124E21FC5566004F9A90 /* MCEmployeesListHandler.swift in Sources */,
				5F10123321FB8DDE004F9A90 /* MCEmployeesListViewController.swift in Sources */,
				5F5B4BB52200E81E00F957F3 /* ServiceEndPoint.swift in Sources */,
				5F5B4BC62200EC4F00F957F3 /* Router.swift in Sources */,
				5FDB4BFD2202483A00D4294F /* NetworkResponseHandler.swift in Sources */,
				5F5B4BB72200E89800F957F3 /* HTTPMethod.swift in Sources */,
				5FDB4BF32202441600D4294F /* TartuNetworkManager.swift in Sources */,
				5F5B4BC02200EAC400F957F3 /* JSONParameterEncoder.swift in Sources */,
				5FDB4BF42202441600D4294F /* TallinnNetworkManager.swift in Sources */,
				5F10123F21FC4063004F9A90 /* MCEmployeesListTableViewDelegateDatasource.swift in Sources */,
				5F5B4BBE2200EA8E00F957F3 /* URLParameterEncoding.swift in Sources */,
				5FDB4BF72202447C00D4294F /* MCFetchTallinnEmployeesOperation.swift in Sources */,
				5FD9D78221FB83D000E3B243 /* AppDelegate.swift in Sources */,
				5FDB4C00220263DE00D4294F /* MCFetchTartuEmployeesOperation.swift in Sources */,
				5F5B4BBC2200E9EA00F957F3 /* ParameterEncoding.swift in Sources */,
				5F10122721FB8BDD004F9A90 /* AppDelegate+Navigation.swift in Sources */,
				5F10124B21FC4E09004F9A90 /* MCEmployeeRowTableViewCell.swift in Sources */,
				5F10123721FB8F97004F9A90 /* MCEmployeesListView.swift in Sources */,
				5F10122B21FB8CCD004F9A90 /* ApplicationConstants.swift in Sources */,
				5FF2A1AC2201DCB60098F42B /* MCEmployeeRootObject.swift in Sources */,
				5FDB4BEB2202433200D4294F /* NetworkOperationQueue.swift in Sources */,
				5F5B4BC42200EBD300F957F3 /* NetworkLogger.swift in Sources */,
				5F10124921FC4E09004F9A90 /* MCEmployeeGroupTableViewCell.swift in Sources */,
				5FDB4BD422023C9400D4294F /* NetworkConstants.swift in Sources */,
			);
			runOnlyForDeploymentPostprocessing = 0;
		};
		5FD9D74921FB828800E3B243 /* Sources */ = {
			isa = PBXSourcesBuildPhase;
			buildActionMask = 2147483647;
			files = (
				5FD9D75221FB828800E3B243 /* MCJobAppTests.swift in Sources */,
			);
			runOnlyForDeploymentPostprocessing = 0;
		};
		5FD9D75421FB828800E3B243 /* Sources */ = {
			isa = PBXSourcesBuildPhase;
			buildActionMask = 2147483647;
			files = (
				5FD9D75D21FB828800E3B243 /* MCJobAppUITests.swift in Sources */,
			);
			runOnlyForDeploymentPostprocessing = 0;
		};
/* End PBXSourcesBuildPhase section */

/* Begin PBXTargetDependency section */
		5FD9D74F21FB828800E3B243 /* PBXTargetDependency */ = {
			isa = PBXTargetDependency;
			target = 5FD9D73821FB828700E3B243 /* MCJobApp */;
			targetProxy = 5FD9D74E21FB828800E3B243 /* PBXContainerItemProxy */;
		};
		5FD9D75A21FB828800E3B243 /* PBXTargetDependency */ = {
			isa = PBXTargetDependency;
			target = 5FD9D73821FB828700E3B243 /* MCJobApp */;
			targetProxy = 5FD9D75921FB828800E3B243 /* PBXContainerItemProxy */;
		};
/* End PBXTargetDependency section */

/* Begin PBXVariantGroup section */
		5FD9D76C21FB83D000E3B243 /* LaunchScreen.storyboard */ = {
			isa = PBXVariantGroup;
			children = (
				5FD9D76D21FB83D000E3B243 /* Base */,
			);
			name = LaunchScreen.storyboard;
			sourceTree = "<group>";
		};
		5FD9D76E21FB83D000E3B243 /* Main.storyboard */ = {
			isa = PBXVariantGroup;
			children = (
				5FD9D76F21FB83D000E3B243 /* Base */,
			);
			name = Main.storyboard;
			sourceTree = "<group>";
		};
/* End PBXVariantGroup section */

/* Begin XCBuildConfiguration section */
		5FD9D75F21FB828800E3B243 /* Debug */ = {
			isa = XCBuildConfiguration;
			buildSettings = {
				ALWAYS_SEARCH_USER_PATHS = NO;
				CLANG_ANALYZER_NONNULL = YES;
				CLANG_ANALYZER_NUMBER_OBJECT_CONVERSION = YES_AGGRESSIVE;
				CLANG_CXX_LANGUAGE_STANDARD = "gnu++14";
				CLANG_CXX_LIBRARY = "libc++";
				CLANG_ENABLE_MODULES = YES;
				CLANG_ENABLE_OBJC_ARC = YES;
				CLANG_ENABLE_OBJC_WEAK = YES;
				CLANG_WARN_BLOCK_CAPTURE_AUTORELEASING = YES;
				CLANG_WARN_BOOL_CONVERSION = YES;
				CLANG_WARN_COMMA = YES;
				CLANG_WARN_CONSTANT_CONVERSION = YES;
				CLANG_WARN_DEPRECATED_OBJC_IMPLEMENTATIONS = YES;
				CLANG_WARN_DIRECT_OBJC_ISA_USAGE = YES_ERROR;
				CLANG_WARN_DOCUMENTATION_COMMENTS = YES;
				CLANG_WARN_EMPTY_BODY = YES;
				CLANG_WARN_ENUM_CONVERSION = YES;
				CLANG_WARN_INFINITE_RECURSION = YES;
				CLANG_WARN_INT_CONVERSION = YES;
				CLANG_WARN_NON_LITERAL_NULL_CONVERSION = YES;
				CLANG_WARN_OBJC_IMPLICIT_RETAIN_SELF = YES;
				CLANG_WARN_OBJC_LITERAL_CONVERSION = YES;
				CLANG_WARN_OBJC_ROOT_CLASS = YES_ERROR;
				CLANG_WARN_RANGE_LOOP_ANALYSIS = YES;
				CLANG_WARN_STRICT_PROTOTYPES = YES;
				CLANG_WARN_SUSPICIOUS_MOVE = YES;
				CLANG_WARN_UNGUARDED_AVAILABILITY = YES_AGGRESSIVE;
				CLANG_WARN_UNREACHABLE_CODE = YES;
				CLANG_WARN__DUPLICATE_METHOD_MATCH = YES;
				CODE_SIGN_IDENTITY = "iPhone Developer";
				COPY_PHASE_STRIP = NO;
				DEBUG_INFORMATION_FORMAT = dwarf;
				ENABLE_STRICT_OBJC_MSGSEND = YES;
				ENABLE_TESTABILITY = YES;
				GCC_C_LANGUAGE_STANDARD = gnu11;
				GCC_DYNAMIC_NO_PIC = NO;
				GCC_NO_COMMON_BLOCKS = YES;
				GCC_OPTIMIZATION_LEVEL = 0;
				GCC_PREPROCESSOR_DEFINITIONS = (
					"DEBUG=1",
					"$(inherited)",
				);
				GCC_WARN_64_TO_32_BIT_CONVERSION = YES;
				GCC_WARN_ABOUT_RETURN_TYPE = YES_ERROR;
				GCC_WARN_UNDECLARED_SELECTOR = YES;
				GCC_WARN_UNINITIALIZED_AUTOS = YES_AGGRESSIVE;
				GCC_WARN_UNUSED_FUNCTION = YES;
				GCC_WARN_UNUSED_VARIABLE = YES;
				IPHONEOS_DEPLOYMENT_TARGET = 12.1;
				MTL_ENABLE_DEBUG_INFO = INCLUDE_SOURCE;
				MTL_FAST_MATH = YES;
				ONLY_ACTIVE_ARCH = YES;
				SDKROOT = iphoneos;
				SWIFT_ACTIVE_COMPILATION_CONDITIONS = DEBUG;
				SWIFT_OPTIMIZATION_LEVEL = "-Onone";
			};
			name = Debug;
		};
		5FD9D76021FB828800E3B243 /* Release */ = {
			isa = XCBuildConfiguration;
			buildSettings = {
				ALWAYS_SEARCH_USER_PATHS = NO;
				CLANG_ANALYZER_NONNULL = YES;
				CLANG_ANALYZER_NUMBER_OBJECT_CONVERSION = YES_AGGRESSIVE;
				CLANG_CXX_LANGUAGE_STANDARD = "gnu++14";
				CLANG_CXX_LIBRARY = "libc++";
				CLANG_ENABLE_MODULES = YES;
				CLANG_ENABLE_OBJC_ARC = YES;
				CLANG_ENABLE_OBJC_WEAK = YES;
				CLANG_WARN_BLOCK_CAPTURE_AUTORELEASING = YES;
				CLANG_WARN_BOOL_CONVERSION = YES;
				CLANG_WARN_COMMA = YES;
				CLANG_WARN_CONSTANT_CONVERSION = YES;
				CLANG_WARN_DEPRECATED_OBJC_IMPLEMENTATIONS = YES;
				CLANG_WARN_DIRECT_OBJC_ISA_USAGE = YES_ERROR;
				CLANG_WARN_DOCUMENTATION_COMMENTS = YES;
				CLANG_WARN_EMPTY_BODY = YES;
				CLANG_WARN_ENUM_CONVERSION = YES;
				CLANG_WARN_INFINITE_RECURSION = YES;
				CLANG_WARN_INT_CONVERSION = YES;
				CLANG_WARN_NON_LITERAL_NULL_CONVERSION = YES;
				CLANG_WARN_OBJC_IMPLICIT_RETAIN_SELF = YES;
				CLANG_WARN_OBJC_LITERAL_CONVERSION = YES;
				CLANG_WARN_OBJC_ROOT_CLASS = YES_ERROR;
				CLANG_WARN_RANGE_LOOP_ANALYSIS = YES;
				CLANG_WARN_STRICT_PROTOTYPES = YES;
				CLANG_WARN_SUSPICIOUS_MOVE = YES;
				CLANG_WARN_UNGUARDED_AVAILABILITY = YES_AGGRESSIVE;
				CLANG_WARN_UNREACHABLE_CODE = YES;
				CLANG_WARN__DUPLICATE_METHOD_MATCH = YES;
				CODE_SIGN_IDENTITY = "iPhone Developer";
				COPY_PHASE_STRIP = NO;
				DEBUG_INFORMATION_FORMAT = "dwarf-with-dsym";
				ENABLE_NS_ASSERTIONS = NO;
				ENABLE_STRICT_OBJC_MSGSEND = YES;
				GCC_C_LANGUAGE_STANDARD = gnu11;
				GCC_NO_COMMON_BLOCKS = YES;
				GCC_WARN_64_TO_32_BIT_CONVERSION = YES;
				GCC_WARN_ABOUT_RETURN_TYPE = YES_ERROR;
				GCC_WARN_UNDECLARED_SELECTOR = YES;
				GCC_WARN_UNINITIALIZED_AUTOS = YES_AGGRESSIVE;
				GCC_WARN_UNUSED_FUNCTION = YES;
				GCC_WARN_UNUSED_VARIABLE = YES;
				IPHONEOS_DEPLOYMENT_TARGET = 12.1;
				MTL_ENABLE_DEBUG_INFO = NO;
				MTL_FAST_MATH = YES;
				SDKROOT = iphoneos;
				SWIFT_COMPILATION_MODE = wholemodule;
				SWIFT_OPTIMIZATION_LEVEL = "-O";
				VALIDATE_PRODUCT = YES;
			};
			name = Release;
		};
		5FD9D76221FB828800E3B243 /* Debug */ = {
			isa = XCBuildConfiguration;
			buildSettings = {
				ASSETCATALOG_COMPILER_APPICON_NAME = AppIcon;
				CODE_SIGN_STYLE = Automatic;
				INFOPLIST_FILE = "$(SRCROOT)/MCJobApp/ProjectSettings/Info.plist";
				LD_RUNPATH_SEARCH_PATHS = (
					"$(inherited)",
					"@executable_path/Frameworks",
				);
				PRODUCT_BUNDLE_IDENTIFIER = com.mooncascade.jobapp;
				PRODUCT_MODULE_NAME = "$(PRODUCT_NAME:c99extidentifier)";
				PRODUCT_NAME = "$(TARGET_NAME)";
				SWIFT_VERSION = 4.2;
				TARGETED_DEVICE_FAMILY = "1,2";
			};
			name = Debug;
		};
		5FD9D76321FB828800E3B243 /* Release */ = {
			isa = XCBuildConfiguration;
			buildSettings = {
				ASSETCATALOG_COMPILER_APPICON_NAME = AppIcon;
				CODE_SIGN_STYLE = Automatic;
				INFOPLIST_FILE = "$(SRCROOT)/MCJobApp/ProjectSettings/Info.plist";
				LD_RUNPATH_SEARCH_PATHS = (
					"$(inherited)",
					"@executable_path/Frameworks",
				);
				PRODUCT_BUNDLE_IDENTIFIER = com.mooncascade.jobapp;
				PRODUCT_MODULE_NAME = "$(PRODUCT_NAME:c99extidentifier)";
				PRODUCT_NAME = "$(TARGET_NAME)";
				SWIFT_VERSION = 4.2;
				TARGETED_DEVICE_FAMILY = "1,2";
			};
			name = Release;
		};
		5FD9D76521FB828800E3B243 /* Debug */ = {
			isa = XCBuildConfiguration;
			buildSettings = {
				ALWAYS_EMBED_SWIFT_STANDARD_LIBRARIES = YES;
				BUNDLE_LOADER = "$(TEST_HOST)";
				CODE_SIGN_STYLE = Automatic;
				INFOPLIST_FILE = MCJobAppTests/Info.plist;
				LD_RUNPATH_SEARCH_PATHS = (
					"$(inherited)",
					"@executable_path/Frameworks",
					"@loader_path/Frameworks",
				);
				PRODUCT_BUNDLE_IDENTIFIER = com.mooncascade.MCJobAppTests;
				PRODUCT_NAME = "$(TARGET_NAME)";
				SWIFT_VERSION = 4.2;
				TARGETED_DEVICE_FAMILY = "1,2";
				TEST_HOST = "$(BUILT_PRODUCTS_DIR)/MCJobApp.app/MCJobApp";
			};
			name = Debug;
		};
		5FD9D76621FB828800E3B243 /* Release */ = {
			isa = XCBuildConfiguration;
			buildSettings = {
				ALWAYS_EMBED_SWIFT_STANDARD_LIBRARIES = YES;
				BUNDLE_LOADER = "$(TEST_HOST)";
				CODE_SIGN_STYLE = Automatic;
				INFOPLIST_FILE = MCJobAppTests/Info.plist;
				LD_RUNPATH_SEARCH_PATHS = (
					"$(inherited)",
					"@executable_path/Frameworks",
					"@loader_path/Frameworks",
				);
				PRODUCT_BUNDLE_IDENTIFIER = com.mooncascade.MCJobAppTests;
				PRODUCT_NAME = "$(TARGET_NAME)";
				SWIFT_VERSION = 4.2;
				TARGETED_DEVICE_FAMILY = "1,2";
				TEST_HOST = "$(BUILT_PRODUCTS_DIR)/MCJobApp.app/MCJobApp";
			};
			name = Release;
		};
		5FD9D76821FB828800E3B243 /* Debug */ = {
			isa = XCBuildConfiguration;
			buildSettings = {
				ALWAYS_EMBED_SWIFT_STANDARD_LIBRARIES = YES;
				CODE_SIGN_STYLE = Automatic;
				INFOPLIST_FILE = MCJobAppUITests/Info.plist;
				LD_RUNPATH_SEARCH_PATHS = (
					"$(inherited)",
					"@executable_path/Frameworks",
					"@loader_path/Frameworks",
				);
				PRODUCT_BUNDLE_IDENTIFIER = com.mooncascade.MCJobAppUITests;
				PRODUCT_NAME = "$(TARGET_NAME)";
				SWIFT_VERSION = 4.2;
				TARGETED_DEVICE_FAMILY = "1,2";
				TEST_TARGET_NAME = MCJobApp;
			};
			name = Debug;
		};
		5FD9D76921FB828800E3B243 /* Release */ = {
			isa = XCBuildConfiguration;
			buildSettings = {
				ALWAYS_EMBED_SWIFT_STANDARD_LIBRARIES = YES;
				CODE_SIGN_STYLE = Automatic;
				INFOPLIST_FILE = MCJobAppUITests/Info.plist;
				LD_RUNPATH_SEARCH_PATHS = (
					"$(inherited)",
					"@executable_path/Frameworks",
					"@loader_path/Frameworks",
				);
				PRODUCT_BUNDLE_IDENTIFIER = com.mooncascade.MCJobAppUITests;
				PRODUCT_NAME = "$(TARGET_NAME)";
				SWIFT_VERSION = 4.2;
				TARGETED_DEVICE_FAMILY = "1,2";
				TEST_TARGET_NAME = MCJobApp;
			};
			name = Release;
		};
/* End XCBuildConfiguration section */

/* Begin XCConfigurationList section */
		5FD9D73421FB828700E3B243 /* Build configuration list for PBXProject "MCJobApp" */ = {
			isa = XCConfigurationList;
			buildConfigurations = (
				5FD9D75F21FB828800E3B243 /* Debug */,
				5FD9D76021FB828800E3B243 /* Release */,
			);
			defaultConfigurationIsVisible = 0;
			defaultConfigurationName = Release;
		};
		5FD9D76121FB828800E3B243 /* Build configuration list for PBXNativeTarget "MCJobApp" */ = {
			isa = XCConfigurationList;
			buildConfigurations = (
				5FD9D76221FB828800E3B243 /* Debug */,
				5FD9D76321FB828800E3B243 /* Release */,
			);
			defaultConfigurationIsVisible = 0;
			defaultConfigurationName = Release;
		};
		5FD9D76421FB828800E3B243 /* Build configuration list for PBXNativeTarget "MCJobAppTests" */ = {
			isa = XCConfigurationList;
			buildConfigurations = (
				5FD9D76521FB828800E3B243 /* Debug */,
				5FD9D76621FB828800E3B243 /* Release */,
			);
			defaultConfigurationIsVisible = 0;
			defaultConfigurationName = Release;
		};
		5FD9D76721FB828800E3B243 /* Build configuration list for PBXNativeTarget "MCJobAppUITests" */ = {
			isa = XCConfigurationList;
			buildConfigurations = (
				5FD9D76821FB828800E3B243 /* Debug */,
				5FD9D76921FB828800E3B243 /* Release */,
			);
			defaultConfigurationIsVisible = 0;
			defaultConfigurationName = Release;
		};
/* End XCConfigurationList section */
	};
	rootObject = 5FD9D73121FB828700E3B243 /* Project object */;
}
